
Microsoft Visual Studio Solution File, Format Version 12.00
# Visual Studio Version 16
VisualStudioVersion = 16.0.28922.388
MinimumVisualStudioVersion = 10.0.40219.1
Project("{FAE04EC0-301F-11D3-BF4B-00C04F79EFBC}") = "MyBudget", "MyBudget\MyBudget.csproj", "{396EFE94-1A08-4646-B72A-179218D9D00D}"
EndProject
Project("{2150E333-8FDC-42A3-9474-1A3956D46DE8}") = ".nuget", ".nuget", "{1EAD83BD-05C2-472A-8F47-83F4F846C99C}"
	ProjectSection(SolutionItems) = preProject
		.nuget\NuGet.Config = .nuget\NuGet.Config
	EndProjectSection
EndProject
Project("{FAE04EC0-301F-11D3-BF4B-00C04F79EFBC}") = "MyBudget.Test", "MyBudget.Test\MyBudget.Test.csproj", "{33B13D45-71F8-4500-B300-DB4AB0839CBD}"
EndProject
Project("{FAE04EC0-301F-11D3-BF4B-00C04F79EFBC}") = "CommonDomain", "CommonDomain\CommonDomain.csproj", "{134DCF15-DB62-4669-9908-0AE0B9FD595D}"
EndProject
Project("{FAE04EC0-301F-11D3-BF4B-00C04F79EFBC}") = "MyBudget.Web", "MyBudget.Web\MyBudget.Web.csproj", "{A3D00250-8171-4DBB-9F98-BB1935A490E1}"
EndProject
Project("{FAE04EC0-301F-11D3-BF4B-00C04F79EFBC}") = "MyBudget.Web.AspNet", "MyBudget.Web.AspNet\MyBudget.Web.AspNet.csproj", "{3881CB63-8F91-4291-AD4C-4E3BB9AF8022}"
EndProject
Project("{2150E333-8FDC-42A3-9474-1A3956D46DE8}") = "Tryouts", "Tryouts", "{49EF662D-9DEA-4D0E-9249-8221110D8B92}"
EndProject
Project("{FAE04EC0-301F-11D3-BF4B-00C04F79EFBC}") = "ES_Subscription", "ES_Subscription\ES_Subscription.csproj", "{30672CD0-EB40-4603-9877-2D710C4BEF41}"
EndProject
Project("{FAE04EC0-301F-11D3-BF4B-00C04F79EFBC}") = "ExcelImporter", "ExcelImporter\ExcelImporter.csproj", "{56BDB0AF-ED36-410F-B721-EE9B21A4251F}"
EndProject
Project("{FAE04EC0-301F-11D3-BF4B-00C04F79EFBC}") = "HomeBudgetImporter", "HomeBudgetImporter\HomeBudgetImporter.csproj", "{8380AA62-98C2-4CCD-9A7E-0B16F02E61C9}"
EndProject
Project("{FAE04EC0-301F-11D3-BF4B-00C04F79EFBC}") = "Actor", "Actor\Actor.csproj", "{166188E1-4FF8-47EE-A50E-6A50B5DDE93F}"
EndProject
Project("{2150E333-8FDC-42A3-9474-1A3956D46DE8}") = "Solution Items", "Solution Items", "{C8E4FE76-E742-4561-B723-B407C0D047A6}"
	ProjectSection(SolutionItems) = preProject
		ReadMe_MVC.txt = ReadMe_MVC.txt
	EndProjectSection
EndProject
Project("{FAE04EC0-301F-11D3-BF4B-00C04F79EFBC}") = "DebugProjections", "DebugProjections\DebugProjections.csproj", "{99B183F1-E390-43EA-BEA3-DD82404EDFCA}"
EndProject
Project("{FAE04EC0-301F-11D3-BF4B-00C04F79EFBC}") = "ConsolidaSpese", "ConsolidaExcel\ConsolidaSpese.csproj", "{A351A5B3-1540-4A01-B8FA-69DF6B5298B3}"
EndProject
Project("{FAE04EC0-301F-11D3-BF4B-00C04F79EFBC}") = "ConsolidaSpeseComuni", "ConsolidaSpeseComuni\ConsolidaSpeseComuni.csproj", "{815E8854-3C90-4B14-A9F5-971633FB254A}"
EndProject
Project("{9A19103F-16F7-4668-BE54-9A1E7A4F7556}") = "DividendiBinck", "DividendiBinck\DividendiBinck.csproj", "{B0390751-1957-4B6F-B939-3EDBA161F362}"
EndProject
Project("{9A19103F-16F7-4668-BE54-9A1E7A4F7556}") = "DividendiFineco", "DividendiFineco\DividendiFineco.csproj", "{19A99EF7-88F0-4CBE-B613-99E03156FD6B}"
EndProject
Project("{9A19103F-16F7-4668-BE54-9A1E7A4F7556}") = "DividendiAggregati", "DividendiAggretati\DividendiAggregati.csproj", "{D06B3ABB-0ECF-4539-8353-3F564CE7FFE6}"
EndProject
Global
	GlobalSection(SolutionConfigurationPlatforms) = preSolution
		Debug|Any CPU = Debug|Any CPU
		Release|Any CPU = Release|Any CPU
	EndGlobalSection
	GlobalSection(ProjectConfigurationPlatforms) = postSolution
		{396EFE94-1A08-4646-B72A-179218D9D00D}.Debug|Any CPU.ActiveCfg = Debug|Any CPU
		{396EFE94-1A08-4646-B72A-179218D9D00D}.Debug|Any CPU.Build.0 = Debug|Any CPU
		{396EFE94-1A08-4646-B72A-179218D9D00D}.Release|Any CPU.ActiveCfg = Release|Any CPU
		{396EFE94-1A08-4646-B72A-179218D9D00D}.Release|Any CPU.Build.0 = Release|Any CPU
		{33B13D45-71F8-4500-B300-DB4AB0839CBD}.Debug|Any CPU.ActiveCfg = Debug|Any CPU
		{33B13D45-71F8-4500-B300-DB4AB0839CBD}.Debug|Any CPU.Build.0 = Debug|Any CPU
		{33B13D45-71F8-4500-B300-DB4AB0839CBD}.Release|Any CPU.ActiveCfg = Release|Any CPU
		{33B13D45-71F8-4500-B300-DB4AB0839CBD}.Release|Any CPU.Build.0 = Release|Any CPU
		{134DCF15-DB62-4669-9908-0AE0B9FD595D}.Debug|Any CPU.ActiveCfg = Debug|Any CPU
		{134DCF15-DB62-4669-9908-0AE0B9FD595D}.Debug|Any CPU.Build.0 = Debug|Any CPU
		{134DCF15-DB62-4669-9908-0AE0B9FD595D}.Release|Any CPU.ActiveCfg = Release|Any CPU
		{134DCF15-DB62-4669-9908-0AE0B9FD595D}.Release|Any CPU.Build.0 = Release|Any CPU
		{A3D00250-8171-4DBB-9F98-BB1935A490E1}.Debug|Any CPU.ActiveCfg = Debug|Any CPU
		{A3D00250-8171-4DBB-9F98-BB1935A490E1}.Debug|Any CPU.Build.0 = Debug|Any CPU
		{A3D00250-8171-4DBB-9F98-BB1935A490E1}.Release|Any CPU.ActiveCfg = Release|Any CPU
		{A3D00250-8171-4DBB-9F98-BB1935A490E1}.Release|Any CPU.Build.0 = Release|Any CPU
		{3881CB63-8F91-4291-AD4C-4E3BB9AF8022}.Debug|Any CPU.ActiveCfg = Debug|Any CPU
		{3881CB63-8F91-4291-AD4C-4E3BB9AF8022}.Debug|Any CPU.Build.0 = Debug|Any CPU
		{3881CB63-8F91-4291-AD4C-4E3BB9AF8022}.Release|Any CPU.ActiveCfg = Release|Any CPU
		{3881CB63-8F91-4291-AD4C-4E3BB9AF8022}.Release|Any CPU.Build.0 = Release|Any CPU
		{30672CD0-EB40-4603-9877-2D710C4BEF41}.Debug|Any CPU.ActiveCfg = Debug|Any CPU
		{30672CD0-EB40-4603-9877-2D710C4BEF41}.Debug|Any CPU.Build.0 = Debug|Any CPU
		{30672CD0-EB40-4603-9877-2D710C4BEF41}.Release|Any CPU.ActiveCfg = Release|Any CPU
		{30672CD0-EB40-4603-9877-2D710C4BEF41}.Release|Any CPU.Build.0 = Release|Any CPU
		{56BDB0AF-ED36-410F-B721-EE9B21A4251F}.Debug|Any CPU.ActiveCfg = Debug|Any CPU
		{56BDB0AF-ED36-410F-B721-EE9B21A4251F}.Debug|Any CPU.Build.0 = Debug|Any CPU
		{56BDB0AF-ED36-410F-B721-EE9B21A4251F}.Release|Any CPU.ActiveCfg = Release|Any CPU
		{56BDB0AF-ED36-410F-B721-EE9B21A4251F}.Release|Any CPU.Build.0 = Release|Any CPU
		{8380AA62-98C2-4CCD-9A7E-0B16F02E61C9}.Debug|Any CPU.ActiveCfg = Debug|Any CPU
		{8380AA62-98C2-4CCD-9A7E-0B16F02E61C9}.Debug|Any CPU.Build.0 = Debug|Any CPU
		{8380AA62-98C2-4CCD-9A7E-0B16F02E61C9}.Release|Any CPU.ActiveCfg = Release|Any CPU
		{8380AA62-98C2-4CCD-9A7E-0B16F02E61C9}.Release|Any CPU.Build.0 = Release|Any CPU
		{166188E1-4FF8-47EE-A50E-6A50B5DDE93F}.Debug|Any CPU.ActiveCfg = Debug|Any CPU
		{166188E1-4FF8-47EE-A50E-6A50B5DDE93F}.Debug|Any CPU.Build.0 = Debug|Any CPU
		{166188E1-4FF8-47EE-A50E-6A50B5DDE93F}.Release|Any CPU.ActiveCfg = Release|Any CPU
		{166188E1-4FF8-47EE-A50E-6A50B5DDE93F}.Release|Any CPU.Build.0 = Release|Any CPU
		{99B183F1-E390-43EA-BEA3-DD82404EDFCA}.Debug|Any CPU.ActiveCfg = Debug|Any CPU
		{99B183F1-E390-43EA-BEA3-DD82404EDFCA}.Debug|Any CPU.Build.0 = Debug|Any CPU
		{99B183F1-E390-43EA-BEA3-DD82404EDFCA}.Release|Any CPU.ActiveCfg = Release|Any CPU
		{99B183F1-E390-43EA-BEA3-DD82404EDFCA}.Release|Any CPU.Build.0 = Release|Any CPU
		{A351A5B3-1540-4A01-B8FA-69DF6B5298B3}.Debug|Any CPU.ActiveCfg = Debug|Any CPU
		{A351A5B3-1540-4A01-B8FA-69DF6B5298B3}.Debug|Any CPU.Build.0 = Debug|Any CPU
		{A351A5B3-1540-4A01-B8FA-69DF6B5298B3}.Release|Any CPU.ActiveCfg = Release|Any CPU
		{A351A5B3-1540-4A01-B8FA-69DF6B5298B3}.Release|Any CPU.Build.0 = Release|Any CPU
		{815E8854-3C90-4B14-A9F5-971633FB254A}.Debug|Any CPU.ActiveCfg = Debug|Any CPU
		{815E8854-3C90-4B14-A9F5-971633FB254A}.Debug|Any CPU.Build.0 = Debug|Any CPU
		{815E8854-3C90-4B14-A9F5-971633FB254A}.Release|Any CPU.ActiveCfg = Release|Any CPU
		{815E8854-3C90-4B14-A9F5-971633FB254A}.Release|Any CPU.Build.0 = Release|Any CPU
		{B0390751-1957-4B6F-B939-3EDBA161F362}.Debug|Any CPU.ActiveCfg = Debug|Any CPU
		{B0390751-1957-4B6F-B939-3EDBA161F362}.Debug|Any CPU.Build.0 = Debug|Any CPU
		{B0390751-1957-4B6F-B939-3EDBA161F362}.Release|Any CPU.ActiveCfg = Release|Any CPU
		{B0390751-1957-4B6F-B939-3EDBA161F362}.Release|Any CPU.Build.0 = Release|Any CPU
		{19A99EF7-88F0-4CBE-B613-99E03156FD6B}.Debug|Any CPU.ActiveCfg = Debug|Any CPU
		{19A99EF7-88F0-4CBE-B613-99E03156FD6B}.Debug|Any CPU.Build.0 = Debug|Any CPU
		{19A99EF7-88F0-4CBE-B613-99E03156FD6B}.Release|Any CPU.ActiveCfg = Release|Any CPU
		{19A99EF7-88F0-4CBE-B613-99E03156FD6B}.Release|Any CPU.Build.0 = Release|Any CPU
		{D06B3ABB-0ECF-4539-8353-3F564CE7FFE6}.Debug|Any CPU.ActiveCfg = Debug|Any CPU
		{D06B3ABB-0ECF-4539-8353-3F564CE7FFE6}.Debug|Any CPU.Build.0 = Debug|Any CPU
		{D06B3ABB-0ECF-4539-8353-3F564CE7FFE6}.Release|Any CPU.ActiveCfg = Release|Any CPU
		{D06B3ABB-0ECF-4539-8353-3F564CE7FFE6}.Release|Any CPU.Build.0 = Release|Any CPU
	EndGlobalSection
	GlobalSection(SolutionProperties) = preSolution
		HideSolutionNode = FALSE
	EndGlobalSection
	GlobalSection(NestedProjects) = preSolution
		{30672CD0-EB40-4603-9877-2D710C4BEF41} = {49EF662D-9DEA-4D0E-9249-8221110D8B92}
		{56BDB0AF-ED36-410F-B721-EE9B21A4251F} = {49EF662D-9DEA-4D0E-9249-8221110D8B92}
		{8380AA62-98C2-4CCD-9A7E-0B16F02E61C9} = {49EF662D-9DEA-4D0E-9249-8221110D8B92}
		{99B183F1-E390-43EA-BEA3-DD82404EDFCA} = {49EF662D-9DEA-4D0E-9249-8221110D8B92}
		{A351A5B3-1540-4A01-B8FA-69DF6B5298B3} = {49EF662D-9DEA-4D0E-9249-8221110D8B92}
		{815E8854-3C90-4B14-A9F5-971633FB254A} = {49EF662D-9DEA-4D0E-9249-8221110D8B92}
		{B0390751-1957-4B6F-B939-3EDBA161F362} = {49EF662D-9DEA-4D0E-9249-8221110D8B92}
		{19A99EF7-88F0-4CBE-B613-99E03156FD6B} = {49EF662D-9DEA-4D0E-9249-8221110D8B92}
		{D06B3ABB-0ECF-4539-8353-3F564CE7FFE6} = {49EF662D-9DEA-4D0E-9249-8221110D8B92}
	EndGlobalSection
	GlobalSection(ExtensibilityGlobals) = postSolution
		SolutionGuid = {3555C292-C57A-4E12-B03F-559261590C7E}
	EndGlobalSection
EndGlobal
